
Microsoft Visual Studio Solution File, Format Version 12.00
# Visual Studio Version 17
VisualStudioVersion = 17.14.36603.0 d17.14
MinimumVisualStudioVersion = 10.0.40219.1
Project("{FAE04EC0-301F-11D3-BF4B-00C04F79EFBC}") = "InterfacesChallenge_Roman", "InterfacesChallenge_Roman\InterfacesChallenge_Roman.csproj", "{3D2EDAF5-A669-4B6D-9A6A-D9DA5F661AC3}"
EndProject
Global
	GlobalSection(SolutionConfigurationPlatforms) = preSolution
		Debug|Any CPU = Debug|Any CPU
		Release|Any CPU = Release|Any CPU
	EndGlobalSection
	GlobalSection(ProjectConfigurationPlatforms) = postSolution
		{3D2EDAF5-A669-4B6D-9A6A-D9DA5F661AC3}.Debug|Any CPU.ActiveCfg = Debug|Any CPU
		{3D2EDAF5-A669-4B6D-9A6A-D9DA5F661AC3}.Debug|Any CPU.Build.0 = Debug|Any CPU
		{3D2EDAF5-A669-4B6D-9A6A-D9DA5F661AC3}.Release|Any CPU.ActiveCfg = Release|Any CPU
		{3D2EDAF5-A669-4B6D-9A6A-D9DA5F661AC3}.Release|Any CPU.Build.0 = Release|Any CPU
	EndGlobalSection
	GlobalSection(SolutionProperties) = preSolution
		HideSolutionNode = FALSE
	EndGlobalSection
	GlobalSection(ExtensibilityGlobals) = postSolution
		SolutionGuid = {C3780DDA-DCE3-4779-B7A9-D4A48DA2D71E}
	EndGlobalSection
EndGlobal
